{
  "version": 1,
  "dependencies": {
    ".NETCoreApp,Version=v3.1": {
      "AutoMapper": {
        "type": "Direct",
        "requested": "[9.0.0, )",
        "resolved": "9.0.0",
        "contentHash": "xCqvoxT4HIrNY/xlXG9W+BA/awdrhWvMTKTK/igkGSRbhOhpl3Q8O8Gxlhzjc9JsYqE7sS6AxgyuUUvZ6R5/Bw==",
        "dependencies": {
          "Microsoft.CSharp": "4.5.0",
          "System.Reflection.Emit": "4.3.0"
        }
      },
      "AutoMapper.Extensions.Microsoft.DependencyInjection": {
        "type": "Direct",
        "requested": "[7.0.0, )",
        "resolved": "7.0.0",
        "contentHash": "szI4yeRIM7GWe9JyekW0dKYehPB0t6M+I55fPeCebN6PhS7zQZa0eG3bgOnOx+eP3caSNoE7KEJs2rk7MLsh8w==",
        "dependencies": {
          "AutoMapper": "9.0.0",
          "Microsoft.Extensions.DependencyInjection.Abstractions": "2.0.0"
        }
      },
      "Microsoft.AspNetCore.SpaServices.Extensions": {
        "type": "Direct",
        "requested": "[3.1.5, )",
        "resolved": "3.1.5",
        "contentHash": "mWRSFYK+AxBMuB+PMIMaB9E2QaXaaiwMYhfavPLPZ8VolKIEeJsfcrBhtgAKroaLblkJL7zQJFIEZL0KGoWaYw==",
        "dependencies": {
          "Microsoft.AspNetCore.SpaServices": "3.1.5",
          "Microsoft.Extensions.FileProviders.Physical": "3.1.5"
        }
      },
      "Microsoft.CodeAnalysis.FxCopAnalyzers": {
        "type": "Direct",
        "requested": "[3.0.0, )",
        "resolved": "3.0.0",
        "contentHash": "ea8bbNa4fzS/s55AUCAvYjb6Y3lFysFVfEwt9zIwR/NeFpOcUluIleOXSUPAyUtwBFugn01aWvNfMVmIwnvgqQ==",
        "dependencies": {
          "Microsoft.CodeAnalysis.VersionCheckAnalyzer": "[3.0.0]",
          "Microsoft.CodeQuality.Analyzers": "[3.0.0]",
          "Microsoft.NetCore.Analyzers": "[3.0.0]",
          "Microsoft.NetFramework.Analyzers": "[3.0.0]"
        }
      },
      "Microsoft.EntityFrameworkCore": {
        "type": "Direct",
        "requested": "[3.1.5, )",
        "resolved": "3.1.5",
        "contentHash": "1jYVmK8dMKGhtMMrtw0hicRjAJq8hnFSuXHdJTIGa04UVWFvsMFwWsdO3Y1ziCLgR2xM7u5AgUcFLGbV0t9cOg==",
        "dependencies": {
          "Microsoft.Bcl.AsyncInterfaces": "1.1.1",
          "Microsoft.Bcl.HashCode": "1.1.0",
          "Microsoft.EntityFrameworkCore.Abstractions": "3.1.5",
          "Microsoft.EntityFrameworkCore.Analyzers": "3.1.5",
          "Microsoft.Extensions.Caching.Memory": "3.1.5",
          "Microsoft.Extensions.DependencyInjection": "3.1.5",
          "Microsoft.Extensions.Logging": "3.1.5",
          "System.Collections.Immutable": "1.7.1",
          "System.ComponentModel.Annotations": "4.7.0",
          "System.Diagnostics.DiagnosticSource": "4.7.1"
        }
      },
      "Microsoft.EntityFrameworkCore.Analyzers": {
        "type": "Direct",
        "requested": "[3.1.5, )",
        "resolved": "3.1.5",
        "contentHash": "NhxlI6Qj/QUt79ApeBrpKo+a5TGt/UCddxd9rLHD7Zd6yLyfkDOMiyu4oPqhnMhpqmzo/gd79tW7BMwIxgEZCw=="
      },
      "Microsoft.EntityFrameworkCore.Sqlite": {
        "type": "Direct",
        "requested": "[3.1.5, )",
        "resolved": "3.1.5",
        "contentHash": "HZn8UjdzfrvAK3xoqj65PZKprMXXev6NVNDEe/PAU6dcW1KXuSxU8cg2LB68ltEI1dLx8JaiKF/yWAq7H4pUQQ==",
        "dependencies": {
          "Microsoft.EntityFrameworkCore.Sqlite.Core": "3.1.5",
          "SQLitePCLRaw.bundle_e_sqlite3": "2.0.2"
        }
      },
      "Microsoft.EntityFrameworkCore.Tools": {
        "type": "Direct",
        "requested": "[3.1.5, )",
        "resolved": "3.1.5",
        "contentHash": "8vv6M1/HyoQuuvPZ9aL0HycCJdxEWLULMxFA9oRjRLBg70oo4Y2lKt7VpZT/zIOi/BFyq+H25JFT6+S7vYxakQ==",
        "dependencies": {
          "Microsoft.EntityFrameworkCore.Design": "3.1.5"
        }
      },
      "SixLabors.ImageSharp": {
        "type": "Direct",
        "requested": "[1.0.0-rc0001, )",
        "resolved": "1.0.0-rc0001",
        "contentHash": "lxQYvAv8vTp0QD1MafqUP1t8kbwy/2wolqHwymCMeozcfGNnYKNXlLSzwVQRoGXBOVRWgvU4f07hXCNmCLN4Ug=="
      },
      "System.IdentityModel.Tokens.Jwt": {
        "type": "Direct",
        "requested": "[6.6.0, )",
        "resolved": "6.6.0",
        "contentHash": "irSFzRuejokJUb0z/tkHq1x0WCCuk8wtJ85Sql7YaUqSQXPLmKi7zFjVI1UAUX+yANmD673VwN+n64lEq/vW6Q==",
        "dependencies": {
          "Microsoft.IdentityModel.JsonWebTokens": "6.6.0",
          "Microsoft.IdentityModel.Tokens": "6.6.0"
        }
      },
      "Microsoft.AspNetCore.NodeServices": {
        "type": "Transitive",
        "resolved": "3.1.5",
        "contentHash": "WpDoV45BhN0mhc1+5+k29AKzn6suYfm3HynIYngdgBaS2pdXWZPNY/73m7btxbwqaQHup35oqNBVUGNWK2NMWg==",
        "dependencies": {
          "Microsoft.Extensions.Logging.Console": "3.1.5",
          "Newtonsoft.Json": "12.0.2"
        }
      },
      "Microsoft.AspNetCore.SpaServices": {
        "type": "Transitive",
        "resolved": "3.1.5",
        "contentHash": "DE34f2Ne92p++7vnONcz869p+yKuHjWjBzfZj7ny2wFSwABzpb98l/x41MYB3zndQW322C5wPmnJbh3P2+AhRg==",
        "dependencies": {
          "Microsoft.AspNetCore.NodeServices": "3.1.5"
        }
      },
      "Microsoft.Bcl.AsyncInterfaces": {
        "type": "Transitive",
        "resolved": "1.1.1",
        "contentHash": "yuvf07qFWFqtK3P/MRkEKLhn5r2UbSpVueRziSqj0yJQIKFwG1pq9mOayK3zE5qZCTs0CbrwL9M6R8VwqyGy2w=="
      },
      "Microsoft.Bcl.HashCode": {
        "type": "Transitive",
        "resolved": "1.1.0",
        "contentHash": "J2G1k+u5unBV+aYcwxo94ip16Rkp65pgWFb0R6zwJipzWNMgvqlWeuI7/+R+e8bob66LnSG+llLJ+z8wI94cHg=="
      },
      "Microsoft.CodeAnalysis.VersionCheckAnalyzer": {
        "type": "Transitive",
        "resolved": "3.0.0",
        "contentHash": "RL9OdvWLhtQXcvxK2EPbXM9LandLcDG14Ndz5baVH2aiyvEB11VrHfrzLNoEE5B2/zhRGqN+BHsBg21f75wG9g=="
      },
      "Microsoft.CodeQuality.Analyzers": {
        "type": "Transitive",
        "resolved": "3.0.0",
        "contentHash": "pOROTgdPa+15sYfEMvDlWlDEedCO1SuRLrRjX36Ltli3SmhZawC2Vgws4crz1XMs9WRzBo8WIJM5WRzGNsOSmQ=="
      },
      "Microsoft.CSharp": {
        "type": "Transitive",
        "resolved": "4.7.0",
        "contentHash": "pTj+D3uJWyN3My70i2Hqo+OXixq3Os2D1nJ2x92FFo6sk8fYS1m1WLNTs0Dc1uPaViH0YvEEwvzddQ7y4rhXmA=="
      },
      "Microsoft.Data.Sqlite.Core": {
        "type": "Transitive",
        "resolved": "3.1.5",
        "contentHash": "97AVbafsZQVale8l04QmrOa1fEo8eCQ4oMK1XxdKc8JVYY4r9nMiYZiNwEDa9VHVY/Hug9YIawghzg6o+0E+fw==",
        "dependencies": {
          "SQLitePCLRaw.core": "2.0.2"
        }
      },
      "Microsoft.DotNet.PlatformAbstractions": {
        "type": "Transitive",
        "resolved": "3.1.5",
        "contentHash": "2jxam7bgOxELzk8m8iwRg+e42x7G6WigtWCk6d9MXQEiZSl5FZMGpEk/8AXvl4ybogu1OgBkT5G+g94O9/lelQ=="
      },
      "Microsoft.EntityFrameworkCore.Abstractions": {
        "type": "Transitive",
        "resolved": "3.1.5",
        "contentHash": "xZ3mUVu22p2h0ZKTWgoyK9YjA2H11cJcZssDcZYs8iLUVHPxMcb+ITOKpMdnV6SkEiQQ5pvjPXQ5J7VxiGSwDw=="
      },
      "Microsoft.EntityFrameworkCore.Design": {
        "type": "Transitive",
        "resolved": "3.1.5",
        "contentHash": "Bo5IVeCueESgeADKth/w9+IIwhMb1FgNrgB/egnHoTudnoZFffxPo/HVp8R5uyDIkBkEkfD7pTLy5szMyc8c1w==",
        "dependencies": {
          "Microsoft.CSharp": "4.7.0",
          "Microsoft.EntityFrameworkCore.Relational": "3.1.5"
        }
      },
      "Microsoft.EntityFrameworkCore.Relational": {
        "type": "Transitive",
        "resolved": "3.1.5",
        "contentHash": "MNWF77Ekiu7Fe9BhgpwNft6MW0x5T+r7B43A/jtnEH+fQTjrfJrjBDgm+klxrQhha/8Jr/GxkRHmptXws0AAfA==",
        "dependencies": {
          "Microsoft.EntityFrameworkCore": "3.1.5"
        }
      },
      "Microsoft.EntityFrameworkCore.Sqlite.Core": {
        "type": "Transitive",
        "resolved": "3.1.5",
        "contentHash": "Rb9It33lD2x6ODF4i0M3quadEPJOEHsANSNqctBnUnLbZX8HshGmEml3jQZELpJ1lhV0aEuATrFLDWT8EUdbiQ==",
        "dependencies": {
          "Microsoft.Data.Sqlite.Core": "3.1.5",
          "Microsoft.DotNet.PlatformAbstractions": "3.1.5",
          "Microsoft.EntityFrameworkCore.Relational": "3.1.5",
          "Microsoft.Extensions.DependencyModel": "3.1.5"
        }
      },
      "Microsoft.Extensions.Caching.Abstractions": {
        "type": "Transitive",
        "resolved": "3.1.5",
        "contentHash": "1HWdvlBNI4laVkx5oglv3Oaz5s8dO/dpkOep8FLv7+QAK2rm3ofBVv49aiDnijnwO+ZPJ/0iNctZWP0W2S07Rw==",
        "dependencies": {
          "Microsoft.Extensions.Primitives": "3.1.5"
        }
      },
      "Microsoft.Extensions.Caching.Memory": {
        "type": "Transitive",
        "resolved": "3.1.5",
        "contentHash": "tqnVZ/tyXiBAEeLtcTvyb/poVp/gn6bbpdr12SAbO4TcfNkd1eNCEbyyABo0qhiQh6vVwba41aixklElx4grdw==",
        "dependencies": {
          "Microsoft.Extensions.Caching.Abstractions": "3.1.5",
          "Microsoft.Extensions.DependencyInjection.Abstractions": "3.1.5",
          "Microsoft.Extensions.Logging.Abstractions": "3.1.5",
          "Microsoft.Extensions.Options": "3.1.5"
        }
      },
      "Microsoft.Extensions.Configuration": {
        "type": "Transitive",
        "resolved": "3.1.5",
        "contentHash": "LZfdAP8flK4hkaniUv6TlstDX9FXLmJMX1A4mpLghAsZxTaJIgf+nzBNiPRdy/B5Vrs74gRONX3JrIUJQrebmA==",
        "dependencies": {
          "Microsoft.Extensions.Configuration.Abstractions": "3.1.5"
        }
      },
      "Microsoft.Extensions.Configuration.Abstractions": {
        "type": "Transitive",
        "resolved": "3.1.5",
        "contentHash": "VBcAk6s9izZr04WCzNqOh1Sxz2RbVSh0G79MfpHSDv16cUJtSEYEHody9ZnF71LBEktzdu6cvDFBOFMh43q0iA==",
        "dependencies": {
          "Microsoft.Extensions.Primitives": "3.1.5"
        }
      },
      "Microsoft.Extensions.Configuration.Binder": {
        "type": "Transitive",
        "resolved": "3.1.5",
        "contentHash": "ZR/zjBxkvdnnWhRoBHDT95uz1ZgJFhv1QazmKCIcDqy/RXqi+6dJ/PfxDhEnzPvk9HbkcGfFsPEu1vSIyxDqBQ==",
        "dependencies": {
          "Microsoft.Extensions.Configuration": "3.1.5"
        }
      },
      "Microsoft.Extensions.DependencyInjection": {
        "type": "Transitive",
        "resolved": "3.1.5",
        "contentHash": "I+RTJQi7TtenIHZqL2zr6523PYXfL88Ruu4UIVmspIxdw14GHd8zZ+2dGLSdwX7fn41Hth4d42S1e1iHWVOJyQ==",
        "dependencies": {
          "Microsoft.Extensions.DependencyInjection.Abstractions": "3.1.5"
        }
      },
      "Microsoft.Extensions.DependencyInjection.Abstractions": {
        "type": "Transitive",
        "resolved": "3.1.5",
        "contentHash": "2VSCj2TZPMdeEi279Lawi6qJQu4+sEWizSOYrhY6hapyS1jxn1jVUZT1Ugv68bya+x8+3lD4+RqhUZql9PhISQ=="
      },
      "Microsoft.Extensions.DependencyModel": {
        "type": "Transitive",
        "resolved": "3.1.5",
        "contentHash": "u1RWQS0ym1USOoRji6MKcka/F/Br18/+1kiUvAcqWeG7v95SejSBXWRuS5eFfk6gCr3ppRxYyfnwUpmXa91ZsA==",
        "dependencies": {
          "System.Text.Json": "4.7.2"
        }
      },
      "Microsoft.Extensions.FileProviders.Abstractions": {
        "type": "Transitive",
        "resolved": "3.1.5",
        "contentHash": "LrEQ97jhSWw84Y1m+CJfvh9qTUUswt27au54QYn2x5PCMPPgR+yAv/4VTJKMGSSI9T4scSLBXZ/fVhT4fPTCtA==",
        "dependencies": {
          "Microsoft.Extensions.Primitives": "3.1.5"
        }
      },
      "Microsoft.Extensions.FileProviders.Physical": {
        "type": "Transitive",
        "resolved": "3.1.5",
        "contentHash": "JemaaSSQosZ59flEfNzqvQRHDt1u4aEwV/pR4eFQEXpaX7lHI13gSbQbQ7TMGDdmY9F2t2+6RPp44Mmf9O1DsQ==",
        "dependencies": {
          "Microsoft.Extensions.FileProviders.Abstractions": "3.1.5",
          "Microsoft.Extensions.FileSystemGlobbing": "3.1.5"
        }
      },
      "Microsoft.Extensions.FileSystemGlobbing": {
        "type": "Transitive",
        "resolved": "3.1.5",
        "contentHash": "ObdbZ/L3X89KOHI0K/zlwufnlHESYSp2L/Z1XgYp3Odekmzevl06iffrtIBP9Qgw2RxBVAyTEVNrIouCuik6yg=="
      },
      "Microsoft.Extensions.Logging": {
        "type": "Transitive",
        "resolved": "3.1.5",
        "contentHash": "C85NYDym6xy03o70vxX+VQ4ZEjj5Eg5t5QoGW0t100vG5MmPL6+G3XXcQjIIn1WRQrjzGWzQwuKf38fxXEWIWA==",
        "dependencies": {
          "Microsoft.Extensions.Configuration.Binder": "3.1.5",
          "Microsoft.Extensions.DependencyInjection": "3.1.5",
          "Microsoft.Extensions.Logging.Abstractions": "3.1.5",
          "Microsoft.Extensions.Options": "3.1.5"
        }
      },
      "Microsoft.Extensions.Logging.Abstractions": {
        "type": "Transitive",
        "resolved": "3.1.5",
        "contentHash": "ZvwowjRSWXewdPI+whPFXgwF4Qme6Q9KV9SCPEITSGiqHLArct7q5hTBtTzj3GPsVLjTqehvTg6Bd/EQk9JS0A=="
      },
      "Microsoft.Extensions.Logging.Configuration": {
        "type": "Transitive",
        "resolved": "3.1.5",
        "contentHash": "I+9jx/A9cLdkTmynKMa2oR4rYAfe3n2F/wNVvKxwIk2J33paEU13Se08Q5xvQisqfbumaRUNF7BWHr63JzuuRw==",
        "dependencies": {
          "Microsoft.Extensions.Logging": "3.1.5",
          "Microsoft.Extensions.Options.ConfigurationExtensions": "3.1.5"
        }
      },
      "Microsoft.Extensions.Logging.Console": {
        "type": "Transitive",
        "resolved": "3.1.5",
        "contentHash": "c/W7d9sjgyU0/3txj/i6pC+8f25Jbua7zKhHVHidC5hHL4OX8fAxSGPBWYOsRN4tXqpd5VphNmIFUWyT12fMoA==",
        "dependencies": {
          "Microsoft.Extensions.Configuration.Abstractions": "3.1.5",
          "Microsoft.Extensions.Logging": "3.1.5",
          "Microsoft.Extensions.Logging.Configuration": "3.1.5"
        }
      },
      "Microsoft.Extensions.Options": {
        "type": "Transitive",
        "resolved": "3.1.5",
        "contentHash": "f+JT/7lkKBMp/Ak2tVjO+TD7o+UoCfjnExkZNn0PZIso8kIXrqNy6x42Lrxf4Q0pW3JMf9ExmL2EQlvk2XnFAg==",
        "dependencies": {
          "Microsoft.Extensions.DependencyInjection.Abstractions": "3.1.5",
          "Microsoft.Extensions.Primitives": "3.1.5"
        }
      },
      "Microsoft.Extensions.Options.ConfigurationExtensions": {
        "type": "Transitive",
        "resolved": "3.1.5",
        "contentHash": "mgM+JHFeRg3zSRjScVADU/mohY8s0czKRTNT9oszWgX1mlw419yqP6ITCXovPopMXiqzRdkZ7AEuErX9K+ROww==",
        "dependencies": {
          "Microsoft.Extensions.Configuration.Abstractions": "3.1.5",
          "Microsoft.Extensions.Configuration.Binder": "3.1.5",
          "Microsoft.Extensions.DependencyInjection.Abstractions": "3.1.5",
          "Microsoft.Extensions.Options": "3.1.5"
        }
      },
      "Microsoft.Extensions.Primitives": {
        "type": "Transitive",
        "resolved": "3.1.5",
        "contentHash": "6bLdjSAQix82oP2tsuX9MM2yjgUFFOkSZYyRSKoUULilw2cg0Y0H+dnugwYlfj8Jd7yjd/+QSdNBqEyYhTYv0w=="
      },
      "Microsoft.IdentityModel.JsonWebTokens": {
        "type": "Transitive",
        "resolved": "6.6.0",
        "contentHash": "ZhzG2+nxbGDJ67vY0e9kuJEtPpA53EhkhXpLWlBOUzEGd085ojJT3XPLK74mC+mjsXpZqWj5pHtgbB77gSqJeg==",
        "dependencies": {
          "Microsoft.IdentityModel.Tokens": "6.6.0"
        }
      },
      "Microsoft.IdentityModel.Logging": {
        "type": "Transitive",
        "resolved": "6.6.0",
        "contentHash": "OWfHX7bXKTEBXcD9b+0Tx7dWBaqF4wht7RmS6q+9vAXHiNpRG/wkoFKhOp1Yus0Xd1xAXXHSkAKxgmn/SRD1KA=="
      },
      "Microsoft.IdentityModel.Tokens": {
        "type": "Transitive",
        "resolved": "6.6.0",
        "contentHash": "fNfhlY7AEB9y/jooK6xI1vH+7rmq7c2kTEk7j/5SSy25iHRB1twrG8+He9sHxBQqIXhrQliMEwi4GXZInzO4ww==",
        "dependencies": {
          "Microsoft.CSharp": "4.5.0",
          "Microsoft.IdentityModel.Logging": "6.6.0",
          "System.Security.Cryptography.Cng": "4.5.0"
        }
      },
      "Microsoft.NetCore.Analyzers": {
        "type": "Transitive",
        "resolved": "3.0.0",
        "contentHash": "JdjhkobYjmQAu4JpsEALDAr7xig2pzXMsXGilHJ2gvmUaUSBjYObw53CBaIkRXmPu0DaDPN8ze9LCtsRd1R8UA=="
      },
      "Microsoft.NETCore.Platforms": {
        "type": "Transitive",
        "resolved": "1.1.0",
        "contentHash": "kz0PEW2lhqygehI/d6XsPCQzD7ff7gUJaVGPVETX611eadGsA3A877GdSlU0LRVMCTH/+P3o2iDTak+S08V2+A=="
      },
      "Microsoft.NETCore.Targets": {
        "type": "Transitive",
        "resolved": "1.1.0",
        "contentHash": "aOZA3BWfz9RXjpzt0sRJJMjAscAUm3Hoa4UWAfceV9UTYxgwZ1lZt5nO2myFf+/jetYQo4uTP7zS8sJY67BBxg=="
      },
      "Microsoft.NetFramework.Analyzers": {
        "type": "Transitive",
        "resolved": "3.0.0",
        "contentHash": "Q0sB3JYld9JMa9/HKtioIxhqmOohEku1FkfSC/uf0usGcCIhm6GYWU565klP64jC2kzmjFIu/6fkHEIYRqZCQQ=="
      },
      "Newtonsoft.Json": {
        "type": "Transitive",
        "resolved": "12.0.2",
        "contentHash": "rTK0s2EKlfHsQsH6Yx2smvcTCeyoDNgCW7FEYyV01drPlh2T243PR2DiDXqtC5N4GDm4Ma/lkxfW5a/4793vbA=="
      },
      "SQLitePCLRaw.bundle_e_sqlite3": {
        "type": "Transitive",
        "resolved": "2.0.2",
        "contentHash": "OVPI/nh5AqfLCIKhAYqjCa6AHhc7oKApGcGM3UhMRSerFiBx58nSpGwxVFdMgjOCWZR+fA49nzsnKlWp5hFo8w==",
        "dependencies": {
          "SQLitePCLRaw.core": "2.0.2",
          "SQLitePCLRaw.lib.e_sqlite3": "2.0.2",
          "SQLitePCLRaw.provider.dynamic_cdecl": "2.0.2"
        }
      },
      "SQLitePCLRaw.core": {
        "type": "Transitive",
        "resolved": "2.0.2",
        "contentHash": "TFSBX426OelS1tkaVC254NVVlrJIe9YLhWPkEvuqJj2104QpmDmEYOhfdfDJD1E/2SmqDhoRw1ek5cQHj8olcQ==",
        "dependencies": {
          "System.Memory": "4.5.3"
        }
      },
      "SQLitePCLRaw.lib.e_sqlite3": {
        "type": "Transitive",
        "resolved": "2.0.2",
        "contentHash": "S+Tsqe/M7wsc+9HeediI6UHtBKf2X586aRwhi1aBVLGe0WxkAo52O9ZxwEy/v8XMLefcrEMupd2e9CDlIT6QCw=="
      },
      "SQLitePCLRaw.provider.dynamic_cdecl": {
        "type": "Transitive",
        "resolved": "2.0.2",
        "contentHash": "ZSwacbKJUsxJEZxwT23uZVrGbaIvXcADZDz5Sr66fikO5eehdcceDncjzwzTzWfW13di8gpTpstx3WJSt/Ci5Q==",
        "dependencies": {
          "SQLitePCLRaw.core": "2.0.2"
        }
      },
      "System.Collections.Immutable": {
        "type": "Transitive",
        "resolved": "1.7.1",
        "contentHash": "B43Zsz5EfMwyEbnObwRxW5u85fzJma3lrDeGcSAV1qkhSRTNY5uXAByTn9h9ddNdhM+4/YoLc/CI43umjwIl9Q=="
      },
      "System.ComponentModel.Annotations": {
        "type": "Transitive",
        "resolved": "4.7.0",
        "contentHash": "0YFqjhp/mYkDGpU0Ye1GjE53HMp9UVfGN7seGpAMttAC0C40v5gw598jCgpbBLMmCo0E5YRLBv5Z2doypO49ZQ=="
      },
      "System.Diagnostics.DiagnosticSource": {
        "type": "Transitive",
        "resolved": "4.7.1",
        "contentHash": "j81Lovt90PDAq8kLpaJfJKV/rWdWuEk6jfV+MBkee33vzYLEUsy4gXK8laa9V2nZlLM9VM9yA/OOQxxPEJKAMw=="
      },
      "System.IO": {
        "type": "Transitive",
        "resolved": "4.3.0",
        "contentHash": "3qjaHvxQPDpSOYICjUoTsmoq5u6QJAFRUITgeT/4gqkF1bajbSmb1kwSxEA8AHlofqgcKJcM8udgieRNhaJ5Cg==",
        "dependencies": {
          "Microsoft.NETCore.Platforms": "1.1.0",
          "Microsoft.NETCore.Targets": "1.1.0",
          "System.Runtime": "4.3.0",
          "System.Text.Encoding": "4.3.0",
          "System.Threading.Tasks": "4.3.0"
        }
      },
      "System.Memory": {
        "type": "Transitive",
        "resolved": "4.5.3",
        "contentHash": "3oDzvc/zzetpTKWMShs1AADwZjQ/36HnsufHRPcOjyRAAMLDlu2iD33MBI2opxnezcVUtXyqDXXjoFMOU9c7SA=="
      },
      "System.Reflection": {
        "type": "Transitive",
        "resolved": "4.3.0",
        "contentHash": "KMiAFoW7MfJGa9nDFNcfu+FpEdiHpWgTcS2HdMpDvt9saK3y/G4GwprPyzqjFH9NTaGPQeWNHU+iDlDILj96aQ==",
        "dependencies": {
          "Microsoft.NETCore.Platforms": "1.1.0",
          "Microsoft.NETCore.Targets": "1.1.0",
          "System.IO": "4.3.0",
          "System.Reflection.Primitives": "4.3.0",
          "System.Runtime": "4.3.0"
        }
      },
      "System.Reflection.Emit": {
        "type": "Transitive",
        "resolved": "4.3.0",
        "contentHash": "228FG0jLcIwTVJyz8CLFKueVqQK36ANazUManGaJHkO0icjiIypKW7YLWLIWahyIkdh5M7mV2dJepllLyA1SKg==",
        "dependencies": {
          "System.IO": "4.3.0",
          "System.Reflection": "4.3.0",
          "System.Reflection.Emit.ILGeneration": "4.3.0",
          "System.Reflection.Primitives": "4.3.0",
          "System.Runtime": "4.3.0"
        }
      },
      "System.Reflection.Emit.ILGeneration": {
        "type": "Transitive",
        "resolved": "4.3.0",
        "contentHash": "59tBslAk9733NXLrUJrwNZEzbMAcu8k344OYo+wfSVygcgZ9lgBdGIzH/nrg3LYhXceynyvTc8t5/GD4Ri0/ng==",
        "dependencies": {
          "System.Reflection": "4.3.0",
          "System.Reflection.Primitives": "4.3.0",
          "System.Runtime": "4.3.0"
        }
      },
      "System.Reflection.Primitives": {
        "type": "Transitive",
        "resolved": "4.3.0",
        "contentHash": "5RXItQz5As4xN2/YUDxdpsEkMhvw3e6aNveFXUn4Hl/udNTCNhnKp8lT9fnc3MhvGKh1baak5CovpuQUXHAlIA==",
        "dependencies": {
          "Microsoft.NETCore.Platforms": "1.1.0",
          "Microsoft.NETCore.Targets": "1.1.0",
          "System.Runtime": "4.3.0"
        }
      },
      "System.Runtime": {
        "type": "Transitive",
        "resolved": "4.3.0",
        "contentHash": "JufQi0vPQ0xGnAczR13AUFglDyVYt4Kqnz1AZaiKZ5+GICq0/1MH/mO/eAJHt/mHW1zjKBJd7kV26SrxddAhiw==",
        "dependencies": {
          "Microsoft.NETCore.Platforms": "1.1.0",
          "Microsoft.NETCore.Targets": "1.1.0"
        }
      },
      "System.Security.Cryptography.Cng": {
        "type": "Transitive",
        "resolved": "4.5.0",
        "contentHash": "WG3r7EyjUe9CMPFSs6bty5doUqT+q9pbI80hlNzo2SkPkZ4VTuZkGWjpp77JB8+uaL4DFPRdBsAY+DX3dBK92A=="
      },
      "System.Text.Encoding": {
        "type": "Transitive",
        "resolved": "4.3.0",
        "contentHash": "BiIg+KWaSDOITze6jGQynxg64naAPtqGHBwDrLaCtixsa5bKiR8dpPOHA7ge3C0JJQizJE+sfkz1wV+BAKAYZw==",
        "dependencies": {
          "Microsoft.NETCore.Platforms": "1.1.0",
          "Microsoft.NETCore.Targets": "1.1.0",
          "System.Runtime": "4.3.0"
        }
      },
      "System.Text.Json": {
        "type": "Transitive",
        "resolved": "4.7.2",
        "contentHash": "TcMd95wcrubm9nHvJEQs70rC0H/8omiSGGpU4FQ/ZA1URIqD4pjmFJh2Mfv1yH1eHgJDWTi2hMDXwTET+zOOyg=="
      },
      "System.Threading.Tasks": {
        "type": "Transitive",
        "resolved": "4.3.0",
        "contentHash": "LbSxKEdOUhVe8BezB/9uOGGppt+nZf6e1VFyw6v3DN6lqitm0OSn2uXMOdtP0M3W4iMcqcivm2J6UgqiwwnXiA==",
        "dependencies": {
          "Microsoft.NETCore.Platforms": "1.1.0",
          "Microsoft.NETCore.Targets": "1.1.0",
          "System.Runtime": "4.3.0"
        }
      },
      "timeline.errorcodes": {
        "type": "Project"
      }
    }
  }
}