{
  "version": 1,
  "dependencies": {
    ".NETCoreApp,Version=v3.1": {
      "AutoMapper": {
        "type": "Direct",
        "requested": "[10.0.0, )",
        "resolved": "10.0.0",
        "contentHash": "T09NoqMZBqw0/JEauXulxnmmerl0Zj03e0r6VCcJ0LURWBIaYxZPPoiDv8bHf5Y4x2xcXJp4JPXoCaeOMJfHEA==",
        "dependencies": {
          "Microsoft.CSharp": "4.7.0",
          "System.Reflection.Emit": "4.7.0"
        }
      },
      "AutoMapper.Extensions.Microsoft.DependencyInjection": {
        "type": "Direct",
        "requested": "[8.0.1, )",
        "resolved": "8.0.1",
        "contentHash": "hhUzmc8Ld7wCuVHJFodsxtPmFqBAhB6nUNQUgaMF3uamQdxOLxntG0dwv+5ApC67GABa8Oay8MEYGg5IgVZP1Q==",
        "dependencies": {
          "AutoMapper": "[10.0.0, 11.0.0)",
          "Microsoft.Extensions.DependencyInjection.Abstractions": "3.0.0",
          "Microsoft.Extensions.Options": "3.0.0"
        }
      },
      "Microsoft.AspNetCore.SpaServices.Extensions": {
        "type": "Direct",
        "requested": "[3.1.7, )",
        "resolved": "3.1.7",
        "contentHash": "avSGyrRPLaRbVdbEKDANRw7KGwZ2g8r/lWSlhELeGlWhuz99LMet8cpsXJeqq2hWcwJ2ZmnL7StNn6tCGJtukA==",
        "dependencies": {
          "Microsoft.AspNetCore.SpaServices": "3.1.7",
          "Microsoft.Extensions.FileProviders.Physical": "3.1.7"
        }
      },
      "Microsoft.CodeAnalysis.FxCopAnalyzers": {
        "type": "Direct",
        "requested": "[3.3.0, )",
        "resolved": "3.3.0",
        "contentHash": "k3Icqx8kc+NrHImuiB8Jc/wd32Xeyd2B/7HOR5Qu9pyKzXQ4ikPeBAwzG2FSTuYhyIuNWvwL5k9yYBbbVz6w9w==",
        "dependencies": {
          "Microsoft.CodeAnalysis.VersionCheckAnalyzer": "[3.3.0]",
          "Microsoft.CodeQuality.Analyzers": "[3.3.0]",
          "Microsoft.NetCore.Analyzers": "[3.3.0]",
          "Microsoft.NetFramework.Analyzers": "[3.3.0]"
        }
      },
      "Microsoft.EntityFrameworkCore": {
        "type": "Direct",
        "requested": "[3.1.7, )",
        "resolved": "3.1.7",
        "contentHash": "u0MXvEkUwXd/JPzuWcSn4Bvx65FrDsn0GJV/tN4kjoZdVcKkXgbDG+RZM9BMGgK77NXmhx9Osy35fujmS3otyA==",
        "dependencies": {
          "Microsoft.Bcl.AsyncInterfaces": "1.1.1",
          "Microsoft.Bcl.HashCode": "1.1.0",
          "Microsoft.EntityFrameworkCore.Abstractions": "3.1.7",
          "Microsoft.EntityFrameworkCore.Analyzers": "3.1.7",
          "Microsoft.Extensions.Caching.Memory": "3.1.7",
          "Microsoft.Extensions.DependencyInjection": "3.1.7",
          "Microsoft.Extensions.Logging": "3.1.7",
          "System.Collections.Immutable": "1.7.1",
          "System.ComponentModel.Annotations": "4.7.0",
          "System.Diagnostics.DiagnosticSource": "4.7.1"
        }
      },
      "Microsoft.EntityFrameworkCore.Analyzers": {
        "type": "Direct",
        "requested": "[3.1.7, )",
        "resolved": "3.1.7",
        "contentHash": "zSh3QF/Kz8fdVgyStQ1HYUGFDRqFbUR1UBpfa8tUuB0OutYab9R4aYdjkD8i9w9P5VZyHXqQNglh2cQHBFLtjg=="
      },
      "Microsoft.EntityFrameworkCore.Sqlite": {
        "type": "Direct",
        "requested": "[3.1.7, )",
        "resolved": "3.1.7",
        "contentHash": "ZLBVThJ/EBAlqXTOb665GeXglEjkZhxikd+FwseNR1B8GuzowrC+cX2TAVd1ryhnpG/4g+RNOajTPDk5dBta7Q==",
        "dependencies": {
          "Microsoft.EntityFrameworkCore.Sqlite.Core": "3.1.7",
          "SQLitePCLRaw.bundle_e_sqlite3": "2.0.2"
        }
      },
      "Microsoft.EntityFrameworkCore.Tools": {
        "type": "Direct",
        "requested": "[3.1.7, )",
        "resolved": "3.1.7",
        "contentHash": "Cc1OQP/mVUAmH3JGeFuhAdtJ7J33Q4U/MvLAh7Of7e+5XUdHb7tJxobjVyr6nxJDZlJvZ38af9xPGzwwSswASw==",
        "dependencies": {
          "Microsoft.EntityFrameworkCore.Design": "3.1.7"
        }
      },
      "SixLabors.ImageSharp": {
        "type": "Direct",
        "requested": "[1.0.0, )",
        "resolved": "1.0.0",
        "contentHash": "8amvsk8NXnCxZV0lvJppAZJknViWgBOO/2V59IGR6DVoD13mSmG+/Z9eg5IwrHQuRHp5RD9lfXBXDZyk8rTKDg=="
      },
      "System.IdentityModel.Tokens.Jwt": {
        "type": "Direct",
        "requested": "[6.7.1, )",
        "resolved": "6.7.1",
        "contentHash": "sPnRn9dUMYARQC3mAKWpig/7rlrruqJvopKXmGoYAQ1A+xQsT3q5LiwsArkV8Oz/hfiRCLkV9vgi3FQg/mYfrw==",
        "dependencies": {
          "Microsoft.IdentityModel.JsonWebTokens": "6.7.1",
          "Microsoft.IdentityModel.Tokens": "6.7.1"
        }
      },
      "Microsoft.AspNetCore.NodeServices": {
        "type": "Transitive",
        "resolved": "3.1.7",
        "contentHash": "JrDTykwIAdQBbakPMHbbyh6tPJdcQmza+RBKrCK6Dtyk3HL6lqcLIL739WVqrwU21Py3WZtqYwNmn+5yvrYung==",
        "dependencies": {
          "Microsoft.Extensions.Logging.Console": "3.1.7",
          "Newtonsoft.Json": "12.0.2"
        }
      },
      "Microsoft.AspNetCore.SpaServices": {
        "type": "Transitive",
        "resolved": "3.1.7",
        "contentHash": "BOkdx8FChFq9l3ZJqSirp6iuhtTeKjCYcvxFT32lQGeNOU594NnV8XU3f13aSGUhI/6AsqMPwuliWlUA2RpSSg==",
        "dependencies": {
          "Microsoft.AspNetCore.NodeServices": "3.1.7"
        }
      },
      "Microsoft.Bcl.AsyncInterfaces": {
        "type": "Transitive",
        "resolved": "1.1.1",
        "contentHash": "yuvf07qFWFqtK3P/MRkEKLhn5r2UbSpVueRziSqj0yJQIKFwG1pq9mOayK3zE5qZCTs0CbrwL9M6R8VwqyGy2w=="
      },
      "Microsoft.Bcl.HashCode": {
        "type": "Transitive",
        "resolved": "1.1.0",
        "contentHash": "J2G1k+u5unBV+aYcwxo94ip16Rkp65pgWFb0R6zwJipzWNMgvqlWeuI7/+R+e8bob66LnSG+llLJ+z8wI94cHg=="
      },
      "Microsoft.CodeAnalysis.VersionCheckAnalyzer": {
        "type": "Transitive",
        "resolved": "3.3.0",
        "contentHash": "xjLM3DRFZMan3nQyBQEM1mBw6VqQybi4iMJhMFW6Ic1E1GCvqJR3ABOwEL7WtQjDUzxyrGld9bASnAos7G/Xyg=="
      },
      "Microsoft.CodeQuality.Analyzers": {
        "type": "Transitive",
        "resolved": "3.3.0",
        "contentHash": "zZ3miq6u22UFQKhfJyLnVEJ+DgeOopLh3eKJnKAcOetPP2hiv3wa7kHZlBDeTvtqJQiAQhAVbttket8XxjN1zw=="
      },
      "Microsoft.CSharp": {
        "type": "Transitive",
        "resolved": "4.7.0",
        "contentHash": "pTj+D3uJWyN3My70i2Hqo+OXixq3Os2D1nJ2x92FFo6sk8fYS1m1WLNTs0Dc1uPaViH0YvEEwvzddQ7y4rhXmA=="
      },
      "Microsoft.Data.Sqlite.Core": {
        "type": "Transitive",
        "resolved": "3.1.7",
        "contentHash": "NpX0Ni0ZYxbWXtTxVfFnHR7i/+dCX+BayFSPjH8rCEv5NZXtndKyR0Gh3xl5jpuhv4m1eZr8njq+sV2fNREPjw==",
        "dependencies": {
          "SQLitePCLRaw.core": "2.0.2"
        }
      },
      "Microsoft.DotNet.PlatformAbstractions": {
        "type": "Transitive",
        "resolved": "3.1.3",
        "contentHash": "bwD01wYeN+g+Yib7XXahbRdvh5lj6PJ0si6TO6kP7n+fQsBxGy18ewJLjTZUxCwWJqX39WfQHM6idtE4QuVaiw=="
      },
      "Microsoft.EntityFrameworkCore.Abstractions": {
        "type": "Transitive",
        "resolved": "3.1.7",
        "contentHash": "Dx2aGjTKPq49nMYl8t9Lq9XgZJOSIsIQE7lOCThVyHHAYgZrkc8NRgzE/PLGfUO4tfyNSImkXlyF98DBAXI5fw=="
      },
      "Microsoft.EntityFrameworkCore.Design": {
        "type": "Transitive",
        "resolved": "3.1.7",
        "contentHash": "gSRNa758T3dCqg5JUvOMMfDxx1Y8oFipf6t2bMg8KDpNyzVfp2YmjUsdQHDDIjiG4X8m3jkkykQPqBS0GsJD/A==",
        "dependencies": {
          "Microsoft.CSharp": "4.7.0",
          "Microsoft.EntityFrameworkCore.Relational": "3.1.7"
        }
      },
      "Microsoft.EntityFrameworkCore.Relational": {
        "type": "Transitive",
        "resolved": "3.1.7",
        "contentHash": "XLzwdgHPq5QgcmPZkkAso+SSW/tQqPD/iGaZv+fhl7lCb7VTPsjGE0BiPG9xiUP7OR+tlKNDffSzKimElZMaqA==",
        "dependencies": {
          "Microsoft.EntityFrameworkCore": "3.1.7"
        }
      },
      "Microsoft.EntityFrameworkCore.Sqlite.Core": {
        "type": "Transitive",
        "resolved": "3.1.7",
        "contentHash": "jOViumARQZ84Ya/j+gKgtjwBa9D5iKsbPWuLy2Z/fVvkpfuTwfiRjIoxe0y+ta8iec9FpEQ+Q2r13hzSdXSfEQ==",
        "dependencies": {
          "Microsoft.Data.Sqlite.Core": "3.1.7",
          "Microsoft.DotNet.PlatformAbstractions": "3.1.3",
          "Microsoft.EntityFrameworkCore.Relational": "3.1.7",
          "Microsoft.Extensions.DependencyModel": "3.1.3"
        }
      },
      "Microsoft.Extensions.Caching.Abstractions": {
        "type": "Transitive",
        "resolved": "3.1.7",
        "contentHash": "Uj/0fmq7FWi7B7RfLkn2UJE1SThJ60mOlChx9P5nRjP/EbeYNm+LoyiOr6yPhDsArwHttKyun18TXXJ2C9EE/g==",
        "dependencies": {
          "Microsoft.Extensions.Primitives": "3.1.7"
        }
      },
      "Microsoft.Extensions.Caching.Memory": {
        "type": "Transitive",
        "resolved": "3.1.7",
        "contentHash": "EvNcJWk0KKSqyXefiUTgF5D94r40rmmtAvo5/yhy7u5/CtRjqyN7wQBSKz2ezWlu5vbuMGyaMktANgkk4kEkaw==",
        "dependencies": {
          "Microsoft.Extensions.Caching.Abstractions": "3.1.7",
          "Microsoft.Extensions.DependencyInjection.Abstractions": "3.1.7",
          "Microsoft.Extensions.Logging.Abstractions": "3.1.7",
          "Microsoft.Extensions.Options": "3.1.7"
        }
      },
      "Microsoft.Extensions.Configuration": {
        "type": "Transitive",
        "resolved": "3.1.7",
        "contentHash": "JCVsQYNZNGeLXWMw6tkCZ8Wa2IQKF9AiLKeq9Ff2XvGJTMzhYEHAzF/FvHdeBBhPiOf+Kl1t6mdcHL93kUz6MA==",
        "dependencies": {
          "Microsoft.Extensions.Configuration.Abstractions": "3.1.7"
        }
      },
      "Microsoft.Extensions.Configuration.Abstractions": {
        "type": "Transitive",
        "resolved": "3.1.7",
        "contentHash": "WJEbrrIgly95D9rM8Gwr4w8sbYla6/iOcCZ0UE7+Qg/Q8NnQJwAJ60Lq1A26zbNE8Fm1fkbGU90LDl8e+BoRSQ==",
        "dependencies": {
          "Microsoft.Extensions.Primitives": "3.1.7"
        }
      },
      "Microsoft.Extensions.Configuration.Binder": {
        "type": "Transitive",
        "resolved": "3.1.7",
        "contentHash": "FYQ64i7DwYO6XDdOFi+VkoRDDzel570I+X/vTYt6mVJWNj1SAstXwZ71P5d6P2Cei+cT950NiScOwj4F8EUeTA==",
        "dependencies": {
          "Microsoft.Extensions.Configuration": "3.1.7"
        }
      },
      "Microsoft.Extensions.DependencyInjection": {
        "type": "Transitive",
        "resolved": "3.1.7",
        "contentHash": "yp38AFc5tJQZkjINjXBcxq+dANU06lo27D84duitZthtRPsgKJL87uf9RWRsDdRsWd+kXflmdMWFLKFjyKx6Pw==",
        "dependencies": {
          "Microsoft.Extensions.DependencyInjection.Abstractions": "3.1.7"
        }
      },
      "Microsoft.Extensions.DependencyInjection.Abstractions": {
        "type": "Transitive",
        "resolved": "3.1.7",
        "contentHash": "oKL2yNtTN1/cOp+cbdyv5TeLzO+GkO9B3fvbcPzKWTNCkDoH3ccYS3FWC1p4KSYe9frW4WsyfSTeM8X+xftOig=="
      },
      "Microsoft.Extensions.DependencyModel": {
        "type": "Transitive",
        "resolved": "3.1.3",
        "contentHash": "NrcgRhryflmjz16bwr2krbQyhMstOhRi6dD39KEhUGRKVdXEKOppVVOOelxchIFVfNUGs5SEvcAm+binU09S3g==",
        "dependencies": {
          "System.Text.Json": "4.7.1"
        }
      },
      "Microsoft.Extensions.FileProviders.Abstractions": {
        "type": "Transitive",
        "resolved": "3.1.7",
        "contentHash": "nasMSdDlIIBcKgGVHoZdFSmfUY1bI0zkvfZTsWLlEFcMCVD0fzcgsVlkeZTzPLJV0w7Uwq3okOgMWpU1nFEhxg==",
        "dependencies": {
          "Microsoft.Extensions.Primitives": "3.1.7"
        }
      },
      "Microsoft.Extensions.FileProviders.Physical": {
        "type": "Transitive",
        "resolved": "3.1.7",
        "contentHash": "mo21yJfL3oGCjC/rcwdbs2z4KGL9R5BvTfwYR31ueyg3l77i9oPCryMtlSZ4TvpI5duENNEpZyzcpaycqERdZQ==",
        "dependencies": {
          "Microsoft.Extensions.FileProviders.Abstractions": "3.1.7",
          "Microsoft.Extensions.FileSystemGlobbing": "3.1.7"
        }
      },
      "Microsoft.Extensions.FileSystemGlobbing": {
        "type": "Transitive",
        "resolved": "3.1.7",
        "contentHash": "Cenv9mtZdSZ9u09rGYl3ejMB19gIOdRryXk/rYEzQsyrBTTuNzmRHwtHdy640P08DL1Rdu+0z/s2lpvFbZV8Hw=="
      },
      "Microsoft.Extensions.Logging": {
        "type": "Transitive",
        "resolved": "3.1.7",
        "contentHash": "p68Hvr8S+t+bGUeXRX6wcjlkK961w0YRXWy8O6pkTsucdNpnzB8mwLIgcnQ7oj0biw8S1Ftv4PREzPIwo1UwpA==",
        "dependencies": {
          "Microsoft.Extensions.Configuration.Binder": "3.1.7",
          "Microsoft.Extensions.DependencyInjection": "3.1.7",
          "Microsoft.Extensions.Logging.Abstractions": "3.1.7",
          "Microsoft.Extensions.Options": "3.1.7"
        }
      },
      "Microsoft.Extensions.Logging.Abstractions": {
        "type": "Transitive",
        "resolved": "3.1.7",
        "contentHash": "oD7LQbMuaqq/yAz8PKX0hl4+H/vDFTQHo8rxbKB36P1/bG8FG7JUVKBoHkSt1MaJUtgyiHrH1AlAhaucKUKyEg=="
      },
      "Microsoft.Extensions.Logging.Configuration": {
        "type": "Transitive",
        "resolved": "3.1.7",
        "contentHash": "lfV0JUsVb/AyYWoZpsn2vmJe+C1hO34FlPh1YDNIpgHbpmK4IbQpGkcjQ2MPyFohJUHmscB9tST5J3xfTYIQEQ==",
        "dependencies": {
          "Microsoft.Extensions.Logging": "3.1.7",
          "Microsoft.Extensions.Options.ConfigurationExtensions": "3.1.7"
        }
      },
      "Microsoft.Extensions.Logging.Console": {
        "type": "Transitive",
        "resolved": "3.1.7",
        "contentHash": "rbFWSXzxP9eMzEiFJsOgxc7I8Wy+gJjkl2ROR3KHD0mCQzBjnJ1VR4Dsu5k1AIThwPbC+WoOzMjqNe0Jwxvwpg==",
        "dependencies": {
          "Microsoft.Extensions.Configuration.Abstractions": "3.1.7",
          "Microsoft.Extensions.Logging": "3.1.7",
          "Microsoft.Extensions.Logging.Configuration": "3.1.7"
        }
      },
      "Microsoft.Extensions.Options": {
        "type": "Transitive",
        "resolved": "3.1.7",
        "contentHash": "O5TXu1D79hbaZuKCIK4mswSP86MtmiIQjuOZnVhPdbjOVILsoQwZUtnmU2xRfX1E0QWuFEI0umhw3mDDn6dNHw==",
        "dependencies": {
          "Microsoft.Extensions.DependencyInjection.Abstractions": "3.1.7",
          "Microsoft.Extensions.Primitives": "3.1.7"
        }
      },
      "Microsoft.Extensions.Options.ConfigurationExtensions": {
        "type": "Transitive",
        "resolved": "3.1.7",
        "contentHash": "VYW5bmNoNM852QmWvlPS1iktEZ4loGCfcoP0/UASpsjOZejGAvk0XTRdwh1DFv6AvWT0NYitdbx4y3Sqigr42g==",
        "dependencies": {
          "Microsoft.Extensions.Configuration.Abstractions": "3.1.7",
          "Microsoft.Extensions.Configuration.Binder": "3.1.7",
          "Microsoft.Extensions.DependencyInjection.Abstractions": "3.1.7",
          "Microsoft.Extensions.Options": "3.1.7"
        }
      },
      "Microsoft.Extensions.Primitives": {
        "type": "Transitive",
        "resolved": "3.1.7",
        "contentHash": "sa17s3vDAXTuIVGxuJcK713i0B0iaUoiwY4Sl2SLHhMqM8snznn0YVGiZAVkoKEUFWjvIg1Z/JNmAicBamI4mg=="
      },
      "Microsoft.IdentityModel.JsonWebTokens": {
        "type": "Transitive",
        "resolved": "6.7.1",
        "contentHash": "q/Ii8ILV8cM1X49gnl12cJK+0KWiI1xUeiLYiE9+uRonJLaHWB0l8t89rGnZTEGthGKItyikKSB38LQpfy/zBw==",
        "dependencies": {
          "Microsoft.IdentityModel.Tokens": "6.7.1"
        }
      },
      "Microsoft.IdentityModel.Logging": {
        "type": "Transitive",
        "resolved": "6.7.1",
        "contentHash": "WGtTiTy2ZikOz/I5GxCGbNPLOpyI9fPyuyG4Q5rfkhACK+Q0Ad6U8XajYZ2cJ2cFKse0IvHwm15HVrfwrX/89g=="
      },
      "Microsoft.IdentityModel.Tokens": {
        "type": "Transitive",
        "resolved": "6.7.1",
        "contentHash": "Td9Vn9d/0eM1zlUUvaVQzjqdBkBLJ2oGtGL/LYPuiCUAALMeAHVDtpXGk8eYI8Gbduz5n+o7ifldsCIca4MWew==",
        "dependencies": {
          "Microsoft.CSharp": "4.5.0",
          "Microsoft.IdentityModel.Logging": "6.7.1",
          "System.Security.Cryptography.Cng": "4.5.0"
        }
      },
      "Microsoft.NetCore.Analyzers": {
        "type": "Transitive",
        "resolved": "3.3.0",
        "contentHash": "6qptTHUu1Wfszuf83NhU0IoAb4j7YWOpJs6oc6S4G/nI6aGGWKH/Xi5Vs9L/8lrI74ijEEzPcIwafSQW5ASHtA=="
      },
      "Microsoft.NetFramework.Analyzers": {
        "type": "Transitive",
        "resolved": "3.3.0",
        "contentHash": "JTfMic5fEFWICePbr7GXOGPranqS9Qxu2U/BZEcnnGbK1SFW8TxRyGp6O1L52xsbfOdqmzjc0t5ubhDrjj+Xpg=="
      },
      "Newtonsoft.Json": {
        "type": "Transitive",
        "resolved": "12.0.2",
        "contentHash": "rTK0s2EKlfHsQsH6Yx2smvcTCeyoDNgCW7FEYyV01drPlh2T243PR2DiDXqtC5N4GDm4Ma/lkxfW5a/4793vbA=="
      },
      "SQLitePCLRaw.bundle_e_sqlite3": {
        "type": "Transitive",
        "resolved": "2.0.2",
        "contentHash": "OVPI/nh5AqfLCIKhAYqjCa6AHhc7oKApGcGM3UhMRSerFiBx58nSpGwxVFdMgjOCWZR+fA49nzsnKlWp5hFo8w==",
        "dependencies": {
          "SQLitePCLRaw.core": "2.0.2",
          "SQLitePCLRaw.lib.e_sqlite3": "2.0.2",
          "SQLitePCLRaw.provider.dynamic_cdecl": "2.0.2"
        }
      },
      "SQLitePCLRaw.core": {
        "type": "Transitive",
        "resolved": "2.0.2",
        "contentHash": "TFSBX426OelS1tkaVC254NVVlrJIe9YLhWPkEvuqJj2104QpmDmEYOhfdfDJD1E/2SmqDhoRw1ek5cQHj8olcQ==",
        "dependencies": {
          "System.Memory": "4.5.3"
        }
      },
      "SQLitePCLRaw.lib.e_sqlite3": {
        "type": "Transitive",
        "resolved": "2.0.2",
        "contentHash": "S+Tsqe/M7wsc+9HeediI6UHtBKf2X586aRwhi1aBVLGe0WxkAo52O9ZxwEy/v8XMLefcrEMupd2e9CDlIT6QCw=="
      },
      "SQLitePCLRaw.provider.dynamic_cdecl": {
        "type": "Transitive",
        "resolved": "2.0.2",
        "contentHash": "ZSwacbKJUsxJEZxwT23uZVrGbaIvXcADZDz5Sr66fikO5eehdcceDncjzwzTzWfW13di8gpTpstx3WJSt/Ci5Q==",
        "dependencies": {
          "SQLitePCLRaw.core": "2.0.2"
        }
      },
      "System.Collections.Immutable": {
        "type": "Transitive",
        "resolved": "1.7.1",
        "contentHash": "B43Zsz5EfMwyEbnObwRxW5u85fzJma3lrDeGcSAV1qkhSRTNY5uXAByTn9h9ddNdhM+4/YoLc/CI43umjwIl9Q=="
      },
      "System.ComponentModel.Annotations": {
        "type": "Transitive",
        "resolved": "4.7.0",
        "contentHash": "0YFqjhp/mYkDGpU0Ye1GjE53HMp9UVfGN7seGpAMttAC0C40v5gw598jCgpbBLMmCo0E5YRLBv5Z2doypO49ZQ=="
      },
      "System.Diagnostics.DiagnosticSource": {
        "type": "Transitive",
        "resolved": "4.7.1",
        "contentHash": "j81Lovt90PDAq8kLpaJfJKV/rWdWuEk6jfV+MBkee33vzYLEUsy4gXK8laa9V2nZlLM9VM9yA/OOQxxPEJKAMw=="
      },
      "System.Memory": {
        "type": "Transitive",
        "resolved": "4.5.3",
        "contentHash": "3oDzvc/zzetpTKWMShs1AADwZjQ/36HnsufHRPcOjyRAAMLDlu2iD33MBI2opxnezcVUtXyqDXXjoFMOU9c7SA=="
      },
      "System.Reflection.Emit": {
        "type": "Transitive",
        "resolved": "4.7.0",
        "contentHash": "VR4kk8XLKebQ4MZuKuIni/7oh+QGFmZW3qORd1GvBq/8026OpW501SzT/oypwiQl4TvT8ErnReh/NzY9u+C6wQ=="
      },
      "System.Security.Cryptography.Cng": {
        "type": "Transitive",
        "resolved": "4.5.0",
        "contentHash": "WG3r7EyjUe9CMPFSs6bty5doUqT+q9pbI80hlNzo2SkPkZ4VTuZkGWjpp77JB8+uaL4DFPRdBsAY+DX3dBK92A=="
      },
      "System.Text.Json": {
        "type": "Transitive",
        "resolved": "4.7.1",
        "contentHash": "XwzMbct3iNepJaFylN1+l8weWlFburEzXidqleSsLvSXdHSIJHEKtRVKHPlpWcFmJX6k3goPFfVgUfp40RR+bg=="
      },
      "timeline.errorcodes": {
        "type": "Project"
      }
    }
  }
}