Microsoft Visual Studio Solution File, Format Version 12.00
# Visual Studio Version 16
VisualStudioVersion = 16.0.29709.97
MinimumVisualStudioVersion = 10.0.40219.1
Project("{9A19103F-16F7-4668-BE54-9A1E7A4F7556}") = "Timeline", "Timeline\Timeline.csproj", "{A34D323C-5233-4754-B14F-4819CE9C27CA}"
EndProject
Project("{9A19103F-16F7-4668-BE54-9A1E7A4F7556}") = "Timeline.Tests", "Timeline.Tests\Timeline.Tests.csproj", "{3D76D578-37BC-43C2-97BF-9C6DD3825F10}"
EndProject
Project("{FAE04EC0-301F-11D3-BF4B-00C04F79EFBC}") = "ErrorResponseCodeGenerator", "ErrorResponseCodeGenerator\ErrorResponseCodeGenerator.csproj", "{F325F802-75DE-4527-A299-F668281B0E4D}"
EndProject
Project("{FAE04EC0-301F-11D3-BF4B-00C04F79EFBC}") = "Timeline.ErrorCodes", "Timeline.ErrorCodes\Timeline.ErrorCodes.csproj", "{1044E3B0-1010-47CA-956E-B6E8FE87055B}"
EndProject
Global
	GlobalSection(SolutionConfigurationPlatforms) = preSolution
		Debug|Any CPU = Debug|Any CPU
		Release|Any CPU = Release|Any CPU
	EndGlobalSection
	GlobalSection(ProjectConfigurationPlatforms) = postSolution
		{A34D323C-5233-4754-B14F-4819CE9C27CA}.Debug|Any CPU.ActiveCfg = Debug|Any CPU
		{A34D323C-5233-4754-B14F-4819CE9C27CA}.Debug|Any CPU.Build.0 = Debug|Any CPU
		{A34D323C-5233-4754-B14F-4819CE9C27CA}.Release|Any CPU.ActiveCfg = Release|Any CPU
		{A34D323C-5233-4754-B14F-4819CE9C27CA}.Release|Any CPU.Build.0 = Release|Any CPU
		{3D76D578-37BC-43C2-97BF-9C6DD3825F10}.Debug|Any CPU.ActiveCfg = Debug|Any CPU
		{3D76D578-37BC-43C2-97BF-9C6DD3825F10}.Debug|Any CPU.Build.0 = Debug|Any CPU
		{3D76D578-37BC-43C2-97BF-9C6DD3825F10}.Release|Any CPU.ActiveCfg = Release|Any CPU
		{3D76D578-37BC-43C2-97BF-9C6DD3825F10}.Release|Any CPU.Build.0 = Release|Any CPU
		{F325F802-75DE-4527-A299-F668281B0E4D}.Debug|Any CPU.ActiveCfg = Debug|Any CPU
		{F325F802-75DE-4527-A299-F668281B0E4D}.Debug|Any CPU.Build.0 = Debug|Any CPU
		{F325F802-75DE-4527-A299-F668281B0E4D}.Release|Any CPU.ActiveCfg = Release|Any CPU
		{F325F802-75DE-4527-A299-F668281B0E4D}.Release|Any CPU.Build.0 = Release|Any CPU
		{1044E3B0-1010-47CA-956E-B6E8FE87055B}.Debug|Any CPU.ActiveCfg = Debug|Any CPU
		{1044E3B0-1010-47CA-956E-B6E8FE87055B}.Debug|Any CPU.Build.0 = Debug|Any CPU
		{1044E3B0-1010-47CA-956E-B6E8FE87055B}.Release|Any CPU.ActiveCfg = Release|Any CPU
		{1044E3B0-1010-47CA-956E-B6E8FE87055B}.Release|Any CPU.Build.0 = Release|Any CPU
	EndGlobalSection
	GlobalSection(SolutionProperties) = preSolution
		HideSolutionNode = FALSE
	EndGlobalSection
	GlobalSection(ExtensibilityGlobals) = postSolution
		SolutionGuid = {9A7526E5-E68F-465C-9E0F-88BF6E040F14}
	EndGlobalSection
EndGlobal
